
Microsoft Visual Studio Solution File, Format Version 12.00
# Visual Studio 15
VisualStudioVersion = 15.0.27703.2042
MinimumVisualStudioVersion = 10.0.40219.1
Project("{FAE04EC0-301F-11D3-BF4B-00C04F79EFBC}") = "GuessTheWords", "GuessTheWords\GuessTheWords.csproj", "{31A9313D-3589-45B5-AC8A-A6FF7E9407EA}"
EndProject
Global
	GlobalSection(SolutionConfigurationPlatforms) = preSolution
		Debug|Any CPU = Debug|Any CPU
		Release|Any CPU = Release|Any CPU
	EndGlobalSection
	GlobalSection(ProjectConfigurationPlatforms) = postSolution
		{31A9313D-3589-45B5-AC8A-A6FF7E9407EA}.Debug|Any CPU.ActiveCfg = Debug|Any CPU
		{31A9313D-3589-45B5-AC8A-A6FF7E9407EA}.Debug|Any CPU.Build.0 = Debug|Any CPU
		{31A9313D-3589-45B5-AC8A-A6FF7E9407EA}.Release|Any CPU.ActiveCfg = Release|Any CPU
		{31A9313D-3589-45B5-AC8A-A6FF7E9407EA}.Release|Any CPU.Build.0 = Release|Any CPU
	EndGlobalSection
	GlobalSection(SolutionProperties) = preSolution
		HideSolutionNode = FALSE
	EndGlobalSection
	GlobalSection(ExtensibilityGlobals) = postSolution
		SolutionGuid = {E88B099B-8195-4841-A858-F795D5A9AFAE}
	EndGlobalSection
EndGlobal
